
Microsoft Visual Studio Solution File, Format Version 12.00
Project("{FAE04EC0-301F-11D3-BF4B-00C04F79EFBC}") = "WsGroceryHelper", "WsGroceryHelper.csproj", "{B4FBE2AB-5018-475E-ACAC-53C4C13E88CE}"
EndProject
Global
	GlobalSection(SolutionConfigurationPlatforms) = preSolution
		Debug|Any CPU = Debug|Any CPU
		Release|Any CPU = Release|Any CPU
	EndGlobalSection
	GlobalSection(ProjectConfigurationPlatforms) = postSolution
		{B4FBE2AB-5018-475E-ACAC-53C4C13E88CE}.Debug|Any CPU.ActiveCfg = Debug|Any CPU
		{B4FBE2AB-5018-475E-ACAC-53C4C13E88CE}.Debug|Any CPU.Build.0 = Debug|Any CPU
		{B4FBE2AB-5018-475E-ACAC-53C4C13E88CE}.Release|Any CPU.ActiveCfg = Release|Any CPU
		{B4FBE2AB-5018-475E-ACAC-53C4C13E88CE}.Release|Any CPU.Build.0 = Release|Any CPU
	EndGlobalSection
EndGlobal
